
Microsoft Visual Studio Solution File, Format Version 12.00
# Visual Studio Version 16
VisualStudioVersion = 16.0.31613.86
MinimumVisualStudioVersion = 10.0.40219.1
Project("{FAE04EC0-301F-11D3-BF4B-00C04F79EFBC}") = "TextUtil", "TextUtil\TextUtil.csproj", "{0343A302-D19B-4271-9948-27AF7A1DB523}"
EndProject
Project("{FAE04EC0-301F-11D3-BF4B-00C04F79EFBC}") = "TextUtilTests", "TextUtilTests\TextUtilTests.csproj", "{FEE7A9B5-297C-4F58-8AB5-402B2D440ED4}"
EndProject
Global
	GlobalSection(SolutionConfigurationPlatforms) = preSolution
		Debug|Any CPU = Debug|Any CPU
		Release|Any CPU = Release|Any CPU
	EndGlobalSection
	GlobalSection(ProjectConfigurationPlatforms) = postSolution
		{0343A302-D19B-4271-9948-27AF7A1DB523}.Debug|Any CPU.ActiveCfg = Debug|Any CPU
		{0343A302-D19B-4271-9948-27AF7A1DB523}.Debug|Any CPU.Build.0 = Debug|Any CPU
		{0343A302-D19B-4271-9948-27AF7A1DB523}.Release|Any CPU.ActiveCfg = Release|Any CPU
		{0343A302-D19B-4271-9948-27AF7A1DB523}.Release|Any CPU.Build.0 = Release|Any CPU
		{FEE7A9B5-297C-4F58-8AB5-402B2D440ED4}.Debug|Any CPU.ActiveCfg = Debug|Any CPU
		{FEE7A9B5-297C-4F58-8AB5-402B2D440ED4}.Debug|Any CPU.Build.0 = Debug|Any CPU
		{FEE7A9B5-297C-4F58-8AB5-402B2D440ED4}.Release|Any CPU.ActiveCfg = Release|Any CPU
		{FEE7A9B5-297C-4F58-8AB5-402B2D440ED4}.Release|Any CPU.Build.0 = Release|Any CPU
	EndGlobalSection
	GlobalSection(SolutionProperties) = preSolution
		HideSolutionNode = FALSE
	EndGlobalSection
	GlobalSection(ExtensibilityGlobals) = postSolution
		SolutionGuid = {DF4FD0F0-0CBA-45BD-BBFB-E93396A8C93A}
	EndGlobalSection
EndGlobal
